
Microsoft Visual Studio Solution File, Format Version 12.00
# Visual Studio 15
VisualStudioVersion = 15.0.26124.0
MinimumVisualStudioVersion = 15.0.26124.0
Project("{FAE04EC0-301F-11D3-BF4B-00C04F79EFBC}") = "KinguilaAppApi", "KinguilaAppApi\KinguilaAppApi.csproj", "{3983E9AF-3D43-4310-8BFD-88F9A5A65E07}"
EndProject
Project("{FAE04EC0-301F-11D3-BF4B-00C04F79EFBC}") = "KinguilaAppApi.UnitTests", "KinguilaAppApi.UnitTests\KinguilaAppApi.UnitTests.csproj", "{CCB2A929-43EB-4C80-A0B4-EC68E9C82468}"
EndProject
Global
	GlobalSection(SolutionConfigurationPlatforms) = preSolution
		Debug|Any CPU = Debug|Any CPU
		Debug|x64 = Debug|x64
		Debug|x86 = Debug|x86
		Release|Any CPU = Release|Any CPU
		Release|x64 = Release|x64
		Release|x86 = Release|x86
	EndGlobalSection
	GlobalSection(SolutionProperties) = preSolution
		HideSolutionNode = FALSE
	EndGlobalSection
	GlobalSection(ProjectConfigurationPlatforms) = postSolution
		{3983E9AF-3D43-4310-8BFD-88F9A5A65E07}.Debug|Any CPU.ActiveCfg = Debug|Any CPU
		{3983E9AF-3D43-4310-8BFD-88F9A5A65E07}.Debug|Any CPU.Build.0 = Debug|Any CPU
		{3983E9AF-3D43-4310-8BFD-88F9A5A65E07}.Debug|x64.ActiveCfg = Debug|Any CPU
		{3983E9AF-3D43-4310-8BFD-88F9A5A65E07}.Debug|x64.Build.0 = Debug|Any CPU
		{3983E9AF-3D43-4310-8BFD-88F9A5A65E07}.Debug|x86.ActiveCfg = Debug|Any CPU
		{3983E9AF-3D43-4310-8BFD-88F9A5A65E07}.Debug|x86.Build.0 = Debug|Any CPU
		{3983E9AF-3D43-4310-8BFD-88F9A5A65E07}.Release|Any CPU.ActiveCfg = Release|Any CPU
		{3983E9AF-3D43-4310-8BFD-88F9A5A65E07}.Release|Any CPU.Build.0 = Release|Any CPU
		{3983E9AF-3D43-4310-8BFD-88F9A5A65E07}.Release|x64.ActiveCfg = Release|Any CPU
		{3983E9AF-3D43-4310-8BFD-88F9A5A65E07}.Release|x64.Build.0 = Release|Any CPU
		{3983E9AF-3D43-4310-8BFD-88F9A5A65E07}.Release|x86.ActiveCfg = Release|Any CPU
		{3983E9AF-3D43-4310-8BFD-88F9A5A65E07}.Release|x86.Build.0 = Release|Any CPU
		{CCB2A929-43EB-4C80-A0B4-EC68E9C82468}.Debug|Any CPU.ActiveCfg = Debug|Any CPU
		{CCB2A929-43EB-4C80-A0B4-EC68E9C82468}.Debug|Any CPU.Build.0 = Debug|Any CPU
		{CCB2A929-43EB-4C80-A0B4-EC68E9C82468}.Debug|x64.ActiveCfg = Debug|Any CPU
		{CCB2A929-43EB-4C80-A0B4-EC68E9C82468}.Debug|x64.Build.0 = Debug|Any CPU
		{CCB2A929-43EB-4C80-A0B4-EC68E9C82468}.Debug|x86.ActiveCfg = Debug|Any CPU
		{CCB2A929-43EB-4C80-A0B4-EC68E9C82468}.Debug|x86.Build.0 = Debug|Any CPU
		{CCB2A929-43EB-4C80-A0B4-EC68E9C82468}.Release|Any CPU.ActiveCfg = Release|Any CPU
		{CCB2A929-43EB-4C80-A0B4-EC68E9C82468}.Release|Any CPU.Build.0 = Release|Any CPU
		{CCB2A929-43EB-4C80-A0B4-EC68E9C82468}.Release|x64.ActiveCfg = Release|Any CPU
		{CCB2A929-43EB-4C80-A0B4-EC68E9C82468}.Release|x64.Build.0 = Release|Any CPU
		{CCB2A929-43EB-4C80-A0B4-EC68E9C82468}.Release|x86.ActiveCfg = Release|Any CPU
		{CCB2A929-43EB-4C80-A0B4-EC68E9C82468}.Release|x86.Build.0 = Release|Any CPU
	EndGlobalSection
EndGlobal
